
Microsoft Visual Studio Solution File, Format Version 12.00
# Visual Studio 15
VisualStudioVersion = 15.0.28010.2016
MinimumVisualStudioVersion = 10.0.40219.1
Project("{FAE04EC0-301F-11D3-BF4B-00C04F79EFBC}") = "AdamLib", "AdamLib\AdamLib.csproj", "{965AE9A9-D01A-4C4B-B8C8-0D579249E4AD}"
EndProject
Project("{FAE04EC0-301F-11D3-BF4B-00C04F79EFBC}") = "AdamCmd", "AdamCmd\AdamCmd.csproj", "{9DB40005-9AEF-4191-898F-CD878286343F}"
EndProject
Global
	GlobalSection(SolutionConfigurationPlatforms) = preSolution
		Debug|Any CPU = Debug|Any CPU
		Release|Any CPU = Release|Any CPU
	EndGlobalSection
	GlobalSection(ProjectConfigurationPlatforms) = postSolution
		{965AE9A9-D01A-4C4B-B8C8-0D579249E4AD}.Debug|Any CPU.ActiveCfg = Debug|Any CPU
		{965AE9A9-D01A-4C4B-B8C8-0D579249E4AD}.Debug|Any CPU.Build.0 = Debug|Any CPU
		{965AE9A9-D01A-4C4B-B8C8-0D579249E4AD}.Release|Any CPU.ActiveCfg = Release|Any CPU
		{965AE9A9-D01A-4C4B-B8C8-0D579249E4AD}.Release|Any CPU.Build.0 = Release|Any CPU
		{9DB40005-9AEF-4191-898F-CD878286343F}.Debug|Any CPU.ActiveCfg = Debug|Any CPU
		{9DB40005-9AEF-4191-898F-CD878286343F}.Debug|Any CPU.Build.0 = Debug|Any CPU
		{9DB40005-9AEF-4191-898F-CD878286343F}.Release|Any CPU.ActiveCfg = Release|Any CPU
		{9DB40005-9AEF-4191-898F-CD878286343F}.Release|Any CPU.Build.0 = Release|Any CPU
	EndGlobalSection
	GlobalSection(SolutionProperties) = preSolution
		HideSolutionNode = FALSE
	EndGlobalSection
	GlobalSection(ExtensibilityGlobals) = postSolution
		SolutionGuid = {6DCF4DEA-527C-47A6-85D7-FE2B6C8D4C76}
	EndGlobalSection
EndGlobal
